
Microsoft Visual Studio Solution File, Format Version 12.00
# Visual Studio Version 17
VisualStudioVersion = 17.1.32407.343
MinimumVisualStudioVersion = 10.0.40219.1
Project("{FAE04EC0-301F-11D3-BF4B-00C04F79EFBC}") = "Implementing_IEnumerableT", "Implementing_IEnumerableT\Implementing_IEnumerableT.csproj", "{9786D4CA-35A5-448E-9BD2-FB3428933026}"
EndProject
Project("{FAE04EC0-301F-11D3-BF4B-00C04F79EFBC}") = "GenerationOperations", "GenerationOperations\GenerationOperations.csproj", "{3A387447-6188-4F09-9075-5FCE9CE1DA2D}"
EndProject
Global
	GlobalSection(SolutionConfigurationPlatforms) = preSolution
		Debug|Any CPU = Debug|Any CPU
		Release|Any CPU = Release|Any CPU
	EndGlobalSection
	GlobalSection(ProjectConfigurationPlatforms) = postSolution
		{9786D4CA-35A5-448E-9BD2-FB3428933026}.Debug|Any CPU.ActiveCfg = Debug|Any CPU
		{9786D4CA-35A5-448E-9BD2-FB3428933026}.Debug|Any CPU.Build.0 = Debug|Any CPU
		{9786D4CA-35A5-448E-9BD2-FB3428933026}.Release|Any CPU.ActiveCfg = Release|Any CPU
		{9786D4CA-35A5-448E-9BD2-FB3428933026}.Release|Any CPU.Build.0 = Release|Any CPU
		{3A387447-6188-4F09-9075-5FCE9CE1DA2D}.Debug|Any CPU.ActiveCfg = Debug|Any CPU
		{3A387447-6188-4F09-9075-5FCE9CE1DA2D}.Debug|Any CPU.Build.0 = Debug|Any CPU
		{3A387447-6188-4F09-9075-5FCE9CE1DA2D}.Release|Any CPU.ActiveCfg = Release|Any CPU
		{3A387447-6188-4F09-9075-5FCE9CE1DA2D}.Release|Any CPU.Build.0 = Release|Any CPU
	EndGlobalSection
	GlobalSection(SolutionProperties) = preSolution
		HideSolutionNode = FALSE
	EndGlobalSection
	GlobalSection(ExtensibilityGlobals) = postSolution
		SolutionGuid = {45801303-AC51-4D41-B8A2-1FB61BC52C7D}
	EndGlobalSection
EndGlobal
