
Microsoft Visual Studio Solution File, Format Version 12.00
# Visual Studio Version 17
VisualStudioVersion = 17.1.32407.343
MinimumVisualStudioVersion = 10.0.40219.1
Project("{9A19103F-16F7-4668-BE54-9A1E7A4F7556}") = "Implementing_IEnumerableT", "Implementing_IEnumerableT\Implementing_IEnumerableT.csproj", "{9786D4CA-35A5-448E-9BD2-FB3428933026}"
EndProject
Project("{9A19103F-16F7-4668-BE54-9A1E7A4F7556}") = "GenerationOperations", "GenerationOperations\GenerationOperations.csproj", "{3A387447-6188-4F09-9075-5FCE9CE1DA2D}"
EndProject
Project("{2150E333-8FDC-42A3-9474-1A3956D46DE8}") = "GettingStartedwithLINQ", "GettingStartedwithLINQ", "{1BFFA8F9-CC9F-4954-85C0-2496E40FE02D}"
EndProject
Project("{2150E333-8FDC-42A3-9474-1A3956D46DE8}") = "LinqOperatorsInDetail", "LinqOperatorsInDetail", "{C9CAE71E-0576-49B0-8B33-0788152F4594}"
EndProject
Project("{9A19103F-16F7-4668-BE54-9A1E7A4F7556}") = "ConvertingDataTypesCastToXxxandAsXxx", "ConvertingDataTypesCastToXxxandAsXxx\ConvertingDataTypesCastToXxxandAsXxx.csproj", "{ADCC490A-AA33-4CE1-BC3F-270823C6A3B5}"
EndProject
Project("{9A19103F-16F7-4668-BE54-9A1E7A4F7556}") = "SelectAndSelectMany", "SelectAndSelectMany\SelectAndSelectMany.csproj", "{3E1D2504-101F-4FB8-B6CC-C8B0702A929F}"
EndProject
Project("{9A19103F-16F7-4668-BE54-9A1E7A4F7556}") = "OfTypeAndWhere", "OfTypeAndWhere\OfTypeAndWhere.csproj", "{31FC42B9-4D84-43B3-988E-5BBE46CCE376}"
EndProject
Project("{9A19103F-16F7-4668-BE54-9A1E7A4F7556}") = "SortingData_OrderBy.ThenBy.Reverse", "SortingData_OrderBy.ThenBy.Reverse\SortingData_OrderBy.ThenBy.Reverse.csproj", "{0A516C8E-7221-4BDC-BA25-E2EFDF236113}"
EndProject
Project("{9A19103F-16F7-4668-BE54-9A1E7A4F7556}") = "ProjectionAndFilteringExercise", "ProjectionAndFilteringExercise\ProjectionAndFilteringExercise.csproj", "{813C7B87-05AB-4FE5-B71A-EECE7AF7F75C}"
EndProject
Project("{9A19103F-16F7-4668-BE54-9A1E7A4F7556}") = "GroupingData_GroupByAndIGroupingT", "GroupingData_GroupByAndIGroupingT\GroupingData_GroupByAndIGroupingT.csproj", "{6A092D14-79B7-4EBB-BDC9-EE227636CB93}"
EndProject
Project("{9A19103F-16F7-4668-BE54-9A1E7A4F7556}") = "Distinct_Expect_Intersect_Union", "Distinct_Expect_Intersect_Union\Distinct_Expect_Intersect_Union.csproj", "{35DD1D1B-C5B8-4E14-ABC1-DB8ED5F331E9}"
EndProject
Project("{9A19103F-16F7-4668-BE54-9A1E7A4F7556}") = "All_Any_Contains", "All_Any_Contains\All_Any_Contains.csproj", "{FBB941F1-2C8C-41B0-B8EB-BC9DADA8BAA0}"
EndProject
Project("{9A19103F-16F7-4668-BE54-9A1E7A4F7556}") = "PartitioningData_SkipWhile_TakeWhile", "PartitioningData_SkipWhile_TakeWhile\PartitioningData_SkipWhile_TakeWhile.csproj", "{EB461C82-4EFD-45F9-8143-F28ABADDC291}"
EndProject
Project("{9A19103F-16F7-4668-BE54-9A1E7A4F7556}") = "Join_GroupJoin", "Join_GroupJoin\Join_GroupJoin.csproj", "{093C1531-D1AE-407C-B5EB-7CF686703E27}"
EndProject
Project("{9A19103F-16F7-4668-BE54-9A1E7A4F7556}") = "SequenceEqual_NUnitComparisons", "SequenceEqual_NUnitComparisons\SequenceEqual_NUnitComparisons.csproj", "{9E2460EA-86D3-4C29-8C68-20FA8F66393C}"
EndProject
Project("{9A19103F-16F7-4668-BE54-9A1E7A4F7556}") = "ElementOperations", "ElementOperations\ElementOperations.csproj", "{90B9762F-5CC0-445F-91F1-8F8F6A0C20A4}"
EndProject
Project("{9A19103F-16F7-4668-BE54-9A1E7A4F7556}") = "ConcenationOperations_Concat", "ConcenationOperations_Concat\ConcenationOperations_Concat.csproj", "{F722B53A-8E9E-46C4-AE29-BACA89E7A4A2}"
EndProject
Project("{9A19103F-16F7-4668-BE54-9A1E7A4F7556}") = "AggregationOperations", "AggregationOperations\AggregationOperations.csproj", "{B91744B0-FC84-4D6F-AC43-D8B3A3FB7DF0}"
EndProject
Project("{2150E333-8FDC-42A3-9474-1A3956D46DE8}") = "LINQAndDatabase", "LINQAndDatabase", "{622132AD-57FA-45AD-931A-0FB57739F2DB}"
EndProject
Project("{9A19103F-16F7-4668-BE54-9A1E7A4F7556}") = "TheMagicOfExpressionTrees", "TheMagicOfExpressionTrees\TheMagicOfExpressionTrees.csproj", "{E5816612-1039-41F4-A818-A4252B5F2146}"
EndProject
Project("{2150E333-8FDC-42A3-9474-1A3956D46DE8}") = "ExtraTopics", "ExtraTopics", "{516FAB30-CB44-4DF5-94B9-7A595B06A56E}"
EndProject
Project("{FAE04EC0-301F-11D3-BF4B-00C04F79EFBC}") = "LINQtoXML", "LINQtoXML\LINQtoXML.csproj", "{65D4EFF8-F6F2-4B24-9E1D-88D3B23D075A}"
EndProject
Project("{FAE04EC0-301F-11D3-BF4B-00C04F79EFBC}") = "LINQSupportinReSharper_Rider", "LINQSupportinReSharper_Rider\LINQSupportinReSharper_Rider.csproj", "{5E442734-6DF1-46E2-9FD9-53E8BBBECC7C}"
EndProject
Project("{FAE04EC0-301F-11D3-BF4B-00C04F79EFBC}") = "MoreLINQApp", "MoreLINQ\MoreLINQApp.csproj", "{DA0EDD96-4180-4424-AECC-B5E00ADD1D13}"
EndProject
Project("{2150E333-8FDC-42A3-9474-1A3956D46DE8}") = "ParalelLINQ", "ParalelLINQ", "{CBCB78F0-3923-424B-A66C-C9B69432E520}"
EndProject
Project("{FAE04EC0-301F-11D3-BF4B-00C04F79EFBC}") = "AsPararlelAndParalelQuery", "AsPararlelAndParalelQuery\AsPararlelAndParalelQuery.csproj", "{85457ED9-E052-4662-A239-78AF5E7E9CE1}"
EndProject
Global
	GlobalSection(SolutionConfigurationPlatforms) = preSolution
		Debug|Any CPU = Debug|Any CPU
		Release|Any CPU = Release|Any CPU
	EndGlobalSection
	GlobalSection(ProjectConfigurationPlatforms) = postSolution
		{9786D4CA-35A5-448E-9BD2-FB3428933026}.Debug|Any CPU.ActiveCfg = Debug|Any CPU
		{9786D4CA-35A5-448E-9BD2-FB3428933026}.Debug|Any CPU.Build.0 = Debug|Any CPU
		{9786D4CA-35A5-448E-9BD2-FB3428933026}.Release|Any CPU.ActiveCfg = Release|Any CPU
		{9786D4CA-35A5-448E-9BD2-FB3428933026}.Release|Any CPU.Build.0 = Release|Any CPU
		{3A387447-6188-4F09-9075-5FCE9CE1DA2D}.Debug|Any CPU.ActiveCfg = Debug|Any CPU
		{3A387447-6188-4F09-9075-5FCE9CE1DA2D}.Debug|Any CPU.Build.0 = Debug|Any CPU
		{3A387447-6188-4F09-9075-5FCE9CE1DA2D}.Release|Any CPU.ActiveCfg = Release|Any CPU
		{3A387447-6188-4F09-9075-5FCE9CE1DA2D}.Release|Any CPU.Build.0 = Release|Any CPU
		{ADCC490A-AA33-4CE1-BC3F-270823C6A3B5}.Debug|Any CPU.ActiveCfg = Debug|Any CPU
		{ADCC490A-AA33-4CE1-BC3F-270823C6A3B5}.Debug|Any CPU.Build.0 = Debug|Any CPU
		{ADCC490A-AA33-4CE1-BC3F-270823C6A3B5}.Release|Any CPU.ActiveCfg = Release|Any CPU
		{ADCC490A-AA33-4CE1-BC3F-270823C6A3B5}.Release|Any CPU.Build.0 = Release|Any CPU
		{3E1D2504-101F-4FB8-B6CC-C8B0702A929F}.Debug|Any CPU.ActiveCfg = Debug|Any CPU
		{3E1D2504-101F-4FB8-B6CC-C8B0702A929F}.Debug|Any CPU.Build.0 = Debug|Any CPU
		{3E1D2504-101F-4FB8-B6CC-C8B0702A929F}.Release|Any CPU.ActiveCfg = Release|Any CPU
		{3E1D2504-101F-4FB8-B6CC-C8B0702A929F}.Release|Any CPU.Build.0 = Release|Any CPU
		{31FC42B9-4D84-43B3-988E-5BBE46CCE376}.Debug|Any CPU.ActiveCfg = Debug|Any CPU
		{31FC42B9-4D84-43B3-988E-5BBE46CCE376}.Debug|Any CPU.Build.0 = Debug|Any CPU
		{31FC42B9-4D84-43B3-988E-5BBE46CCE376}.Release|Any CPU.ActiveCfg = Release|Any CPU
		{31FC42B9-4D84-43B3-988E-5BBE46CCE376}.Release|Any CPU.Build.0 = Release|Any CPU
		{0A516C8E-7221-4BDC-BA25-E2EFDF236113}.Debug|Any CPU.ActiveCfg = Debug|Any CPU
		{0A516C8E-7221-4BDC-BA25-E2EFDF236113}.Debug|Any CPU.Build.0 = Debug|Any CPU
		{0A516C8E-7221-4BDC-BA25-E2EFDF236113}.Release|Any CPU.ActiveCfg = Release|Any CPU
		{0A516C8E-7221-4BDC-BA25-E2EFDF236113}.Release|Any CPU.Build.0 = Release|Any CPU
		{813C7B87-05AB-4FE5-B71A-EECE7AF7F75C}.Debug|Any CPU.ActiveCfg = Debug|Any CPU
		{813C7B87-05AB-4FE5-B71A-EECE7AF7F75C}.Debug|Any CPU.Build.0 = Debug|Any CPU
		{813C7B87-05AB-4FE5-B71A-EECE7AF7F75C}.Release|Any CPU.ActiveCfg = Release|Any CPU
		{813C7B87-05AB-4FE5-B71A-EECE7AF7F75C}.Release|Any CPU.Build.0 = Release|Any CPU
		{6A092D14-79B7-4EBB-BDC9-EE227636CB93}.Debug|Any CPU.ActiveCfg = Debug|Any CPU
		{6A092D14-79B7-4EBB-BDC9-EE227636CB93}.Debug|Any CPU.Build.0 = Debug|Any CPU
		{6A092D14-79B7-4EBB-BDC9-EE227636CB93}.Release|Any CPU.ActiveCfg = Release|Any CPU
		{6A092D14-79B7-4EBB-BDC9-EE227636CB93}.Release|Any CPU.Build.0 = Release|Any CPU
		{35DD1D1B-C5B8-4E14-ABC1-DB8ED5F331E9}.Debug|Any CPU.ActiveCfg = Debug|Any CPU
		{35DD1D1B-C5B8-4E14-ABC1-DB8ED5F331E9}.Debug|Any CPU.Build.0 = Debug|Any CPU
		{35DD1D1B-C5B8-4E14-ABC1-DB8ED5F331E9}.Release|Any CPU.ActiveCfg = Release|Any CPU
		{35DD1D1B-C5B8-4E14-ABC1-DB8ED5F331E9}.Release|Any CPU.Build.0 = Release|Any CPU
		{FBB941F1-2C8C-41B0-B8EB-BC9DADA8BAA0}.Debug|Any CPU.ActiveCfg = Debug|Any CPU
		{FBB941F1-2C8C-41B0-B8EB-BC9DADA8BAA0}.Debug|Any CPU.Build.0 = Debug|Any CPU
		{FBB941F1-2C8C-41B0-B8EB-BC9DADA8BAA0}.Release|Any CPU.ActiveCfg = Release|Any CPU
		{FBB941F1-2C8C-41B0-B8EB-BC9DADA8BAA0}.Release|Any CPU.Build.0 = Release|Any CPU
		{EB461C82-4EFD-45F9-8143-F28ABADDC291}.Debug|Any CPU.ActiveCfg = Debug|Any CPU
		{EB461C82-4EFD-45F9-8143-F28ABADDC291}.Debug|Any CPU.Build.0 = Debug|Any CPU
		{EB461C82-4EFD-45F9-8143-F28ABADDC291}.Release|Any CPU.ActiveCfg = Release|Any CPU
		{EB461C82-4EFD-45F9-8143-F28ABADDC291}.Release|Any CPU.Build.0 = Release|Any CPU
		{093C1531-D1AE-407C-B5EB-7CF686703E27}.Debug|Any CPU.ActiveCfg = Debug|Any CPU
		{093C1531-D1AE-407C-B5EB-7CF686703E27}.Debug|Any CPU.Build.0 = Debug|Any CPU
		{093C1531-D1AE-407C-B5EB-7CF686703E27}.Release|Any CPU.ActiveCfg = Release|Any CPU
		{093C1531-D1AE-407C-B5EB-7CF686703E27}.Release|Any CPU.Build.0 = Release|Any CPU
		{9E2460EA-86D3-4C29-8C68-20FA8F66393C}.Debug|Any CPU.ActiveCfg = Debug|Any CPU
		{9E2460EA-86D3-4C29-8C68-20FA8F66393C}.Debug|Any CPU.Build.0 = Debug|Any CPU
		{9E2460EA-86D3-4C29-8C68-20FA8F66393C}.Release|Any CPU.ActiveCfg = Release|Any CPU
		{9E2460EA-86D3-4C29-8C68-20FA8F66393C}.Release|Any CPU.Build.0 = Release|Any CPU
		{90B9762F-5CC0-445F-91F1-8F8F6A0C20A4}.Debug|Any CPU.ActiveCfg = Debug|Any CPU
		{90B9762F-5CC0-445F-91F1-8F8F6A0C20A4}.Debug|Any CPU.Build.0 = Debug|Any CPU
		{90B9762F-5CC0-445F-91F1-8F8F6A0C20A4}.Release|Any CPU.ActiveCfg = Release|Any CPU
		{90B9762F-5CC0-445F-91F1-8F8F6A0C20A4}.Release|Any CPU.Build.0 = Release|Any CPU
		{F722B53A-8E9E-46C4-AE29-BACA89E7A4A2}.Debug|Any CPU.ActiveCfg = Debug|Any CPU
		{F722B53A-8E9E-46C4-AE29-BACA89E7A4A2}.Debug|Any CPU.Build.0 = Debug|Any CPU
		{F722B53A-8E9E-46C4-AE29-BACA89E7A4A2}.Release|Any CPU.ActiveCfg = Release|Any CPU
		{F722B53A-8E9E-46C4-AE29-BACA89E7A4A2}.Release|Any CPU.Build.0 = Release|Any CPU
		{B91744B0-FC84-4D6F-AC43-D8B3A3FB7DF0}.Debug|Any CPU.ActiveCfg = Debug|Any CPU
		{B91744B0-FC84-4D6F-AC43-D8B3A3FB7DF0}.Debug|Any CPU.Build.0 = Debug|Any CPU
		{B91744B0-FC84-4D6F-AC43-D8B3A3FB7DF0}.Release|Any CPU.ActiveCfg = Release|Any CPU
		{B91744B0-FC84-4D6F-AC43-D8B3A3FB7DF0}.Release|Any CPU.Build.0 = Release|Any CPU
		{E5816612-1039-41F4-A818-A4252B5F2146}.Debug|Any CPU.ActiveCfg = Debug|Any CPU
		{E5816612-1039-41F4-A818-A4252B5F2146}.Debug|Any CPU.Build.0 = Debug|Any CPU
		{E5816612-1039-41F4-A818-A4252B5F2146}.Release|Any CPU.ActiveCfg = Release|Any CPU
		{E5816612-1039-41F4-A818-A4252B5F2146}.Release|Any CPU.Build.0 = Release|Any CPU
		{65D4EFF8-F6F2-4B24-9E1D-88D3B23D075A}.Debug|Any CPU.ActiveCfg = Debug|Any CPU
		{65D4EFF8-F6F2-4B24-9E1D-88D3B23D075A}.Debug|Any CPU.Build.0 = Debug|Any CPU
		{65D4EFF8-F6F2-4B24-9E1D-88D3B23D075A}.Release|Any CPU.ActiveCfg = Release|Any CPU
		{65D4EFF8-F6F2-4B24-9E1D-88D3B23D075A}.Release|Any CPU.Build.0 = Release|Any CPU
		{5E442734-6DF1-46E2-9FD9-53E8BBBECC7C}.Debug|Any CPU.ActiveCfg = Debug|Any CPU
		{5E442734-6DF1-46E2-9FD9-53E8BBBECC7C}.Debug|Any CPU.Build.0 = Debug|Any CPU
		{5E442734-6DF1-46E2-9FD9-53E8BBBECC7C}.Release|Any CPU.ActiveCfg = Release|Any CPU
		{5E442734-6DF1-46E2-9FD9-53E8BBBECC7C}.Release|Any CPU.Build.0 = Release|Any CPU
		{DA0EDD96-4180-4424-AECC-B5E00ADD1D13}.Debug|Any CPU.ActiveCfg = Debug|Any CPU
		{DA0EDD96-4180-4424-AECC-B5E00ADD1D13}.Debug|Any CPU.Build.0 = Debug|Any CPU
		{DA0EDD96-4180-4424-AECC-B5E00ADD1D13}.Release|Any CPU.ActiveCfg = Release|Any CPU
		{DA0EDD96-4180-4424-AECC-B5E00ADD1D13}.Release|Any CPU.Build.0 = Release|Any CPU
		{85457ED9-E052-4662-A239-78AF5E7E9CE1}.Debug|Any CPU.ActiveCfg = Debug|Any CPU
		{85457ED9-E052-4662-A239-78AF5E7E9CE1}.Debug|Any CPU.Build.0 = Debug|Any CPU
		{85457ED9-E052-4662-A239-78AF5E7E9CE1}.Release|Any CPU.ActiveCfg = Release|Any CPU
		{85457ED9-E052-4662-A239-78AF5E7E9CE1}.Release|Any CPU.Build.0 = Release|Any CPU
	EndGlobalSection
	GlobalSection(SolutionProperties) = preSolution
		HideSolutionNode = FALSE
	EndGlobalSection
	GlobalSection(NestedProjects) = preSolution
		{9786D4CA-35A5-448E-9BD2-FB3428933026} = {1BFFA8F9-CC9F-4954-85C0-2496E40FE02D}
		{3A387447-6188-4F09-9075-5FCE9CE1DA2D} = {1BFFA8F9-CC9F-4954-85C0-2496E40FE02D}
		{ADCC490A-AA33-4CE1-BC3F-270823C6A3B5} = {C9CAE71E-0576-49B0-8B33-0788152F4594}
		{3E1D2504-101F-4FB8-B6CC-C8B0702A929F} = {C9CAE71E-0576-49B0-8B33-0788152F4594}
		{31FC42B9-4D84-43B3-988E-5BBE46CCE376} = {C9CAE71E-0576-49B0-8B33-0788152F4594}
		{0A516C8E-7221-4BDC-BA25-E2EFDF236113} = {C9CAE71E-0576-49B0-8B33-0788152F4594}
		{813C7B87-05AB-4FE5-B71A-EECE7AF7F75C} = {C9CAE71E-0576-49B0-8B33-0788152F4594}
		{6A092D14-79B7-4EBB-BDC9-EE227636CB93} = {C9CAE71E-0576-49B0-8B33-0788152F4594}
		{35DD1D1B-C5B8-4E14-ABC1-DB8ED5F331E9} = {C9CAE71E-0576-49B0-8B33-0788152F4594}
		{FBB941F1-2C8C-41B0-B8EB-BC9DADA8BAA0} = {C9CAE71E-0576-49B0-8B33-0788152F4594}
		{EB461C82-4EFD-45F9-8143-F28ABADDC291} = {C9CAE71E-0576-49B0-8B33-0788152F4594}
		{093C1531-D1AE-407C-B5EB-7CF686703E27} = {C9CAE71E-0576-49B0-8B33-0788152F4594}
		{9E2460EA-86D3-4C29-8C68-20FA8F66393C} = {C9CAE71E-0576-49B0-8B33-0788152F4594}
		{90B9762F-5CC0-445F-91F1-8F8F6A0C20A4} = {C9CAE71E-0576-49B0-8B33-0788152F4594}
		{F722B53A-8E9E-46C4-AE29-BACA89E7A4A2} = {C9CAE71E-0576-49B0-8B33-0788152F4594}
		{B91744B0-FC84-4D6F-AC43-D8B3A3FB7DF0} = {C9CAE71E-0576-49B0-8B33-0788152F4594}
		{E5816612-1039-41F4-A818-A4252B5F2146} = {622132AD-57FA-45AD-931A-0FB57739F2DB}
		{65D4EFF8-F6F2-4B24-9E1D-88D3B23D075A} = {516FAB30-CB44-4DF5-94B9-7A595B06A56E}
		{5E442734-6DF1-46E2-9FD9-53E8BBBECC7C} = {516FAB30-CB44-4DF5-94B9-7A595B06A56E}
		{DA0EDD96-4180-4424-AECC-B5E00ADD1D13} = {516FAB30-CB44-4DF5-94B9-7A595B06A56E}
		{85457ED9-E052-4662-A239-78AF5E7E9CE1} = {CBCB78F0-3923-424B-A66C-C9B69432E520}
	EndGlobalSection
	GlobalSection(ExtensibilityGlobals) = postSolution
		SolutionGuid = {45801303-AC51-4D41-B8A2-1FB61BC52C7D}
	EndGlobalSection
EndGlobal
